
Microsoft Visual Studio Solution File, Format Version 12.00
# Visual Studio 2012
Project("{FAE04EC0-301F-11D3-BF4B-00C04F79EFBC}") = "AGS.CScript.Compiler", "AGS.CScript.Compiler.csproj", "{4771753A-641D-49B1-8096-0B431EAC413E}"
EndProject
Global
	GlobalSection(SolutionConfigurationPlatforms) = preSolution
		Debug|Any CPU = Debug|Any CPU
		Release|Any CPU = Release|Any CPU
	EndGlobalSection
	GlobalSection(ProjectConfigurationPlatforms) = postSolution
		{4771753A-641D-49B1-8096-0B431EAC413E}.Debug|Any CPU.ActiveCfg = Debug|Any CPU
		{4771753A-641D-49B1-8096-0B431EAC413E}.Debug|Any CPU.Build.0 = Debug|Any CPU
		{4771753A-641D-49B1-8096-0B431EAC413E}.Release|Any CPU.ActiveCfg = Release|Any CPU
		{4771753A-641D-49B1-8096-0B431EAC413E}.Release|Any CPU.Build.0 = Release|Any CPU
	EndGlobalSection
EndGlobal
